# THIS IS AN AUTOGENERATED FILE. DO NOT EDIT THIS FILE DIRECTLY.
# yarn lockfile v1


"@rescript/react@^0.11.0":
  version "0.11.0"
  resolved "https://nexus.cca.io/repository/npm-group/@rescript/react/-/react-0.11.0.tgz#d2545546d823bdb8e6b59daa1790098d1666f79e"
  integrity sha512-RzoAO+3cJwXE2D7yodMo4tBO2EkeDYCN/I/Sj/yRweI3S1CY1ZBOF/GMcVtjeIurJJt7KMveqQXTaRrqoGZBBg==

rescript-material-ui@^3.0.2:
  version "3.0.2"
  resolved "https://nexus.cca.io/repository/npm-group/rescript-material-ui/-/rescript-material-ui-3.0.2.tgz#81bdf7a6e9e3528137e7ea23b1ead76b5577a201"
  integrity sha512-TxD7UekhXlK9uYIuHhAERnATzgT2MCPrbqazYVlfy06dOqElHG5OCiafI0/39dNuwwYnWoDZWOC+fG/AZ+8T7A==

rescript@*:
  version "10.1.2"
  resolved "https://registry.yarnpkg.com/rescript/-/rescript-10.1.2.tgz#ed3b8c762d6e22139803c16e765356685693e38c"
  integrity sha512-PPdhOiN+lwqxQ0qvzHc1KW0TL12LDy2X+qo/JIMIP3bMfiH0vxQH2e/lXuoutWWm04fGQGTv3hWH+gKW3/UyfA==
